// !$*UTF8*$!
{
	archiveVersion = 1;
	classes = {
	};
	objectVersion = 55;
	objects = {

/* Begin PBXBuildFile section */
		0F995BD928B3A18300B62252 /* SignInView.swift in Sources */ = {isa = PBXBuildFile; fileRef = 0F995BD828B3A18300B62252 /* SignInView.swift */; };
		0F995BDB28B3A4DC00B62252 /* CustomTextField.swift in Sources */ = {isa = PBXBuildFile; fileRef = 0F995BDA28B3A4DC00B62252 /* CustomTextField.swift */; };
		6E087C6128B4562E00DA4BF9 /* CKTextField.swift in Sources */ = {isa = PBXBuildFile; fileRef = 6E087C6028B4562E00DA4BF9 /* CKTextField.swift */; };
		6E10F18528B1E09800FAD4DC /* AppDelegate.swift in Sources */ = {isa = PBXBuildFile; fileRef = 6E10F18428B1E09800FAD4DC /* AppDelegate.swift */; };
		6E10F18928B1E09800FAD4DC /* ViewController.swift in Sources */ = {isa = PBXBuildFile; fileRef = 6E10F18828B1E09800FAD4DC /* ViewController.swift */; };
		6E10F18E28B1E09900FAD4DC /* Assets.xcassets in Resources */ = {isa = PBXBuildFile; fileRef = 6E10F18D28B1E09900FAD4DC /* Assets.xcassets */; };
		6E10F19128B1E09900FAD4DC /* LaunchScreen.storyboard in Resources */ = {isa = PBXBuildFile; fileRef = 6E10F18F28B1E09900FAD4DC /* LaunchScreen.storyboard */; };
		6E10F19C28B1E09900FAD4DC /* PhotoEditAppTests.swift in Sources */ = {isa = PBXBuildFile; fileRef = 6E10F19B28B1E09900FAD4DC /* PhotoEditAppTests.swift */; };
		6E161BED28B2946100D15F0F /* ComponentKit.framework in Frameworks */ = {isa = PBXBuildFile; fileRef = 6E161BD828B2946100D15F0F /* ComponentKit.framework */; };
		6E161BEE28B2946100D15F0F /* ComponentKit.framework in Embed Frameworks */ = {isa = PBXBuildFile; fileRef = 6E161BD828B2946100D15F0F /* ComponentKit.framework */; settings = {ATTRIBUTES = (CodeSignOnCopy, RemoveHeadersOnCopy, ); }; };
		803EB34928B28A9900B3236D /* Constants.swift in Sources */ = {isa = PBXBuildFile; fileRef = 803EB34828B28A9900B3236D /* Constants.swift */; };
		CE90B73728B337A500D2481C /* SnapKit in Frameworks */ = {isa = PBXBuildFile; productRef = CE90B73628B337A500D2481C /* SnapKit */; };
/* End PBXBuildFile section */

/* Begin PBXContainerItemProxy section */
		6E10F19828B1E09900FAD4DC /* PBXContainerItemProxy */ = {
			isa = PBXContainerItemProxy;
			containerPortal = 6E10F17928B1E09800FAD4DC /* Project object */;
			proxyType = 1;
			remoteGlobalIDString = 6E10F18028B1E09800FAD4DC;
			remoteInfo = PhotoEditApp;
		};
		6E161BEB28B2946100D15F0F /* PBXContainerItemProxy */ = {
			isa = PBXContainerItemProxy;
			containerPortal = 6E10F17928B1E09800FAD4DC /* Project object */;
			proxyType = 1;
			remoteGlobalIDString = 6E161BD728B2946100D15F0F;
			remoteInfo = ComponentKit;
		};
/* End PBXContainerItemProxy section */

/* Begin PBXCopyFilesBuildPhase section */
		6E161BEF28B2946100D15F0F /* Embed Frameworks */ = {
			isa = PBXCopyFilesBuildPhase;
			buildActionMask = 2147483647;
			dstPath = "";
			dstSubfolderSpec = 10;
			files = (
				6E161BEE28B2946100D15F0F /* ComponentKit.framework in Embed Frameworks */,
			);
			name = "Embed Frameworks";
			runOnlyForDeploymentPostprocessing = 0;
		};
/* End PBXCopyFilesBuildPhase section */

/* Begin PBXFileReference section */
		0F995BD828B3A18300B62252 /* SignInView.swift */ = {isa = PBXFileReference; lastKnownFileType = sourcecode.swift; path = SignInView.swift; sourceTree = "<group>"; };
		0F995BDA28B3A4DC00B62252 /* CustomTextField.swift */ = {isa = PBXFileReference; lastKnownFileType = sourcecode.swift; path = CustomTextField.swift; sourceTree = "<group>"; };
		6E087C6028B4562E00DA4BF9 /* CKTextField.swift */ = {isa = PBXFileReference; fileEncoding = 4; lastKnownFileType = sourcecode.swift; path = CKTextField.swift; sourceTree = "<group>"; };
		6E10F18128B1E09800FAD4DC /* PhotoEditApp.app */ = {isa = PBXFileReference; explicitFileType = wrapper.application; includeInIndex = 0; path = PhotoEditApp.app; sourceTree = BUILT_PRODUCTS_DIR; };
		6E10F18428B1E09800FAD4DC /* AppDelegate.swift */ = {isa = PBXFileReference; lastKnownFileType = sourcecode.swift; path = AppDelegate.swift; sourceTree = "<group>"; };
		6E10F18828B1E09800FAD4DC /* ViewController.swift */ = {isa = PBXFileReference; lastKnownFileType = sourcecode.swift; path = ViewController.swift; sourceTree = "<group>"; };
		6E10F18D28B1E09900FAD4DC /* Assets.xcassets */ = {isa = PBXFileReference; lastKnownFileType = folder.assetcatalog; path = Assets.xcassets; sourceTree = "<group>"; };
		6E10F19028B1E09900FAD4DC /* Base */ = {isa = PBXFileReference; lastKnownFileType = file.storyboard; name = Base; path = Base.lproj/LaunchScreen.storyboard; sourceTree = "<group>"; };
		6E10F19228B1E09900FAD4DC /* Info.plist */ = {isa = PBXFileReference; lastKnownFileType = text.plist.xml; path = Info.plist; sourceTree = "<group>"; };
		6E10F19728B1E09900FAD4DC /* PhotoEditAppTests.xctest */ = {isa = PBXFileReference; explicitFileType = wrapper.cfbundle; includeInIndex = 0; path = PhotoEditAppTests.xctest; sourceTree = BUILT_PRODUCTS_DIR; };
		6E10F19B28B1E09900FAD4DC /* PhotoEditAppTests.swift */ = {isa = PBXFileReference; lastKnownFileType = sourcecode.swift; path = PhotoEditAppTests.swift; sourceTree = "<group>"; };
		6E161BD828B2946100D15F0F /* ComponentKit.framework */ = {isa = PBXFileReference; explicitFileType = wrapper.framework; includeInIndex = 0; path = ComponentKit.framework; sourceTree = BUILT_PRODUCTS_DIR; };
		803EB34828B28A9900B3236D /* Constants.swift */ = {isa = PBXFileReference; lastKnownFileType = sourcecode.swift; path = Constants.swift; sourceTree = "<group>"; };
/* End PBXFileReference section */

/* Begin PBXFrameworksBuildPhase section */
		6E10F17E28B1E09800FAD4DC /* Frameworks */ = {
			isa = PBXFrameworksBuildPhase;
			buildActionMask = 2147483647;
			files = (
				6E161BED28B2946100D15F0F /* ComponentKit.framework in Frameworks */,
				CE90B73728B337A500D2481C /* SnapKit in Frameworks */,
			);
			runOnlyForDeploymentPostprocessing = 0;
		};
		6E10F19428B1E09900FAD4DC /* Frameworks */ = {
			isa = PBXFrameworksBuildPhase;
			buildActionMask = 2147483647;
			files = (
			);
			runOnlyForDeploymentPostprocessing = 0;
		};
		6E161BD528B2946100D15F0F /* Frameworks */ = {
			isa = PBXFrameworksBuildPhase;
			buildActionMask = 2147483647;
			files = (
			);
			runOnlyForDeploymentPostprocessing = 0;
		};
/* End PBXFrameworksBuildPhase section */

/* Begin PBXGroup section */
		6E087C5F28B4562E00DA4BF9 /* CKTextField */ = {
			isa = PBXGroup;
			children = (
				6E087C6028B4562E00DA4BF9 /* CKTextField.swift */,
			);
			path = CKTextField;
			sourceTree = "<group>";
		};
		6E10F17828B1E09800FAD4DC = {
			isa = PBXGroup;
			children = (
				6E161BD928B2946100D15F0F /* ComponentKit */,
				6E10F18328B1E09800FAD4DC /* PhotoEditApp */,
				6E10F19A28B1E09900FAD4DC /* PhotoEditAppTests */,
				6E10F18228B1E09800FAD4DC /* Products */,
			);
			sourceTree = "<group>";
		};
		6E10F18228B1E09800FAD4DC /* Products */ = {
			isa = PBXGroup;
			children = (
				6E10F18128B1E09800FAD4DC /* PhotoEditApp.app */,
				6E10F19728B1E09900FAD4DC /* PhotoEditAppTests.xctest */,
				6E161BD828B2946100D15F0F /* ComponentKit.framework */,
			);
			name = Products;
			sourceTree = "<group>";
		};
		6E10F18328B1E09800FAD4DC /* PhotoEditApp */ = {
			isa = PBXGroup;
			children = (
				6E10F18428B1E09800FAD4DC /* AppDelegate.swift */,
				6E10F18828B1E09800FAD4DC /* ViewController.swift */,
				6E10F18D28B1E09900FAD4DC /* Assets.xcassets */,
				6E10F18F28B1E09900FAD4DC /* LaunchScreen.storyboard */,
				803EB34728B28A7600B3236D /* Constants */,
				6E10F19228B1E09900FAD4DC /* Info.plist */,
				0F995BD828B3A18300B62252 /* SignInView.swift */,
				0F995BDA28B3A4DC00B62252 /* CustomTextField.swift */,
			);
			path = PhotoEditApp;
			sourceTree = "<group>";
		};
		6E10F19A28B1E09900FAD4DC /* PhotoEditAppTests */ = {
			isa = PBXGroup;
			children = (
				6E10F19B28B1E09900FAD4DC /* PhotoEditAppTests.swift */,
			);
			path = PhotoEditAppTests;
			sourceTree = "<group>";
		};
		6E161BD928B2946100D15F0F /* ComponentKit */ = {
			isa = PBXGroup;
			children = (
				6E087C5F28B4562E00DA4BF9 /* CKTextField */,
			);
			path = ComponentKit;
			sourceTree = "<group>";
		};
		803EB34728B28A7600B3236D /* Constants */ = {
			isa = PBXGroup;
			children = (
				803EB34828B28A9900B3236D /* Constants.swift */,
			);
			path = Constants;
			sourceTree = "<group>";
		};
/* End PBXGroup section */

/* Begin PBXHeadersBuildPhase section */
		6E161BD328B2946100D15F0F /* Headers */ = {
			isa = PBXHeadersBuildPhase;
			buildActionMask = 2147483647;
			files = (
			);
			runOnlyForDeploymentPostprocessing = 0;
		};
/* End PBXHeadersBuildPhase section */

/* Begin PBXNativeTarget section */
		6E10F18028B1E09800FAD4DC /* PhotoEditApp */ = {
			isa = PBXNativeTarget;
			buildConfigurationList = 6E10F1AB28B1E09900FAD4DC /* Build configuration list for PBXNativeTarget "PhotoEditApp" */;
			buildPhases = (
				6E161BD228B28EF200D15F0F /* ShellScript */,
				6E10F17D28B1E09800FAD4DC /* Sources */,
				6E10F17E28B1E09800FAD4DC /* Frameworks */,
				6E10F17F28B1E09800FAD4DC /* Resources */,
				6E161BEF28B2946100D15F0F /* Embed Frameworks */,
			);
			buildRules = (
			);
			dependencies = (
				6E161BEC28B2946100D15F0F /* PBXTargetDependency */,
			);
			name = PhotoEditApp;
			packageProductDependencies = (
				CE90B73628B337A500D2481C /* SnapKit */,
			);
			productName = PhotoEditApp;
			productReference = 6E10F18128B1E09800FAD4DC /* PhotoEditApp.app */;
			productType = "com.apple.product-type.application";
		};
		6E10F19628B1E09900FAD4DC /* PhotoEditAppTests */ = {
			isa = PBXNativeTarget;
			buildConfigurationList = 6E10F1AE28B1E09900FAD4DC /* Build configuration list for PBXNativeTarget "PhotoEditAppTests" */;
			buildPhases = (
				6E10F19328B1E09900FAD4DC /* Sources */,
				6E10F19428B1E09900FAD4DC /* Frameworks */,
				6E10F19528B1E09900FAD4DC /* Resources */,
			);
			buildRules = (
			);
			dependencies = (
				6E10F19928B1E09900FAD4DC /* PBXTargetDependency */,
			);
			name = PhotoEditAppTests;
			productName = PhotoEditAppTests;
			productReference = 6E10F19728B1E09900FAD4DC /* PhotoEditAppTests.xctest */;
			productType = "com.apple.product-type.bundle.unit-test";
		};
		6E161BD728B2946100D15F0F /* ComponentKit */ = {
			isa = PBXNativeTarget;
			buildConfigurationList = 6E161BF428B2946100D15F0F /* Build configuration list for PBXNativeTarget "ComponentKit" */;
			buildPhases = (
				6E161BD328B2946100D15F0F /* Headers */,
				6E161BD428B2946100D15F0F /* Sources */,
				6E161BD528B2946100D15F0F /* Frameworks */,
				6E161BD628B2946100D15F0F /* Resources */,
			);
			buildRules = (
			);
			dependencies = (
			);
			name = ComponentKit;
			productName = ComponentKit;
			productReference = 6E161BD828B2946100D15F0F /* ComponentKit.framework */;
			productType = "com.apple.product-type.framework";
		};
/* End PBXNativeTarget section */

/* Begin PBXProject section */
		6E10F17928B1E09800FAD4DC /* Project object */ = {
			isa = PBXProject;
			attributes = {
				BuildIndependentTargetsInParallel = 1;
				LastSwiftUpdateCheck = 1340;
				LastUpgradeCheck = 1340;
				TargetAttributes = {
					6E10F18028B1E09800FAD4DC = {
						CreatedOnToolsVersion = 13.4.1;
					};
					6E10F19628B1E09900FAD4DC = {
						CreatedOnToolsVersion = 13.4.1;
						TestTargetID = 6E10F18028B1E09800FAD4DC;
					};
					6E161BD728B2946100D15F0F = {
						CreatedOnToolsVersion = 13.4.1;
						LastSwiftMigration = 1340;
					};
				};
			};
			buildConfigurationList = 6E10F17C28B1E09800FAD4DC /* Build configuration list for PBXProject "PhotoEditApp" */;
			compatibilityVersion = "Xcode 13.0";
			developmentRegion = en;
			hasScannedForEncodings = 0;
			knownRegions = (
				en,
				Base,
			);
			mainGroup = 6E10F17828B1E09800FAD4DC;
			packageReferences = (
				CE90B73528B337A500D2481C /* XCRemoteSwiftPackageReference "SnapKit" */,
			);
			productRefGroup = 6E10F18228B1E09800FAD4DC /* Products */;
			projectDirPath = "";
			projectRoot = "";
			targets = (
				6E10F18028B1E09800FAD4DC /* PhotoEditApp */,
				6E10F19628B1E09900FAD4DC /* PhotoEditAppTests */,
				6E161BD728B2946100D15F0F /* ComponentKit */,
			);
		};
/* End PBXProject section */

/* Begin PBXResourcesBuildPhase section */
		6E10F17F28B1E09800FAD4DC /* Resources */ = {
			isa = PBXResourcesBuildPhase;
			buildActionMask = 2147483647;
			files = (
				6E10F19128B1E09900FAD4DC /* LaunchScreen.storyboard in Resources */,
				6E10F18E28B1E09900FAD4DC /* Assets.xcassets in Resources */,
			);
			runOnlyForDeploymentPostprocessing = 0;
		};
		6E10F19528B1E09900FAD4DC /* Resources */ = {
			isa = PBXResourcesBuildPhase;
			buildActionMask = 2147483647;
			files = (
			);
			runOnlyForDeploymentPostprocessing = 0;
		};
		6E161BD628B2946100D15F0F /* Resources */ = {
			isa = PBXResourcesBuildPhase;
			buildActionMask = 2147483647;
			files = (
			);
			runOnlyForDeploymentPostprocessing = 0;
		};
/* End PBXResourcesBuildPhase section */

/* Begin PBXShellScriptBuildPhase section */
		6E161BD228B28EF200D15F0F /* ShellScript */ = {
			isa = PBXShellScriptBuildPhase;
			buildActionMask = 2147483647;
			files = (
			);
			inputFileListPaths = (
			);
			inputPaths = (
			);
			outputFileListPaths = (
			);
			outputPaths = (
			);
			runOnlyForDeploymentPostprocessing = 0;
			shellPath = /bin/sh;
			shellScript = "# Type a script or drag a script file from your workspace to insert its path.\ncd BuildTools\nSDKROOT=(xcrun --sdk macosx --show-sdk-path)\n#swift package update #Uncomment this line temporarily to update the version used to the latest matching your BuildTools/Package.swift file\nswift run -c release swiftformat \"$SRCROOT\"\n";
		};
/* End PBXShellScriptBuildPhase section */

/* Begin PBXSourcesBuildPhase section */
		6E10F17D28B1E09800FAD4DC /* Sources */ = {
			isa = PBXSourcesBuildPhase;
			buildActionMask = 2147483647;
			files = (
				6E10F18928B1E09800FAD4DC /* ViewController.swift in Sources */,
				6E10F18528B1E09800FAD4DC /* AppDelegate.swift in Sources */,
				0F995BD928B3A18300B62252 /* SignInView.swift in Sources */,
				803EB34928B28A9900B3236D /* Constants.swift in Sources */,
				0F995BDB28B3A4DC00B62252 /* CustomTextField.swift in Sources */,
			);
			runOnlyForDeploymentPostprocessing = 0;
		};
		6E10F19328B1E09900FAD4DC /* Sources */ = {
			isa = PBXSourcesBuildPhase;
			buildActionMask = 2147483647;
			files = (
				6E10F19C28B1E09900FAD4DC /* PhotoEditAppTests.swift in Sources */,
			);
			runOnlyForDeploymentPostprocessing = 0;
		};
		6E161BD428B2946100D15F0F /* Sources */ = {
			isa = PBXSourcesBuildPhase;
			buildActionMask = 2147483647;
			files = (
				6E087C6128B4562E00DA4BF9 /* CKTextField.swift in Sources */,
			);
			runOnlyForDeploymentPostprocessing = 0;
		};
/* End PBXSourcesBuildPhase section */

/* Begin PBXTargetDependency section */
		6E10F19928B1E09900FAD4DC /* PBXTargetDependency */ = {
			isa = PBXTargetDependency;
			target = 6E10F18028B1E09800FAD4DC /* PhotoEditApp */;
			targetProxy = 6E10F19828B1E09900FAD4DC /* PBXContainerItemProxy */;
		};
		6E161BEC28B2946100D15F0F /* PBXTargetDependency */ = {
			isa = PBXTargetDependency;
			target = 6E161BD728B2946100D15F0F /* ComponentKit */;
			targetProxy = 6E161BEB28B2946100D15F0F /* PBXContainerItemProxy */;
		};
/* End PBXTargetDependency section */

/* Begin PBXVariantGroup section */
		6E10F18F28B1E09900FAD4DC /* LaunchScreen.storyboard */ = {
			isa = PBXVariantGroup;
			children = (
				6E10F19028B1E09900FAD4DC /* Base */,
			);
			name = LaunchScreen.storyboard;
			sourceTree = "<group>";
		};
/* End PBXVariantGroup section */

/* Begin XCBuildConfiguration section */
		6E10F1A928B1E09900FAD4DC /* Debug */ = {
			isa = XCBuildConfiguration;
			buildSettings = {
				ALWAYS_SEARCH_USER_PATHS = NO;
				CLANG_ANALYZER_NONNULL = YES;
				CLANG_ANALYZER_NUMBER_OBJECT_CONVERSION = YES_AGGRESSIVE;
				CLANG_CXX_LANGUAGE_STANDARD = "gnu++17";
				CLANG_ENABLE_MODULES = YES;
				CLANG_ENABLE_OBJC_ARC = YES;
				CLANG_ENABLE_OBJC_WEAK = YES;
				CLANG_WARN_BLOCK_CAPTURE_AUTORELEASING = YES;
				CLANG_WARN_BOOL_CONVERSION = YES;
				CLANG_WARN_COMMA = YES;
				CLANG_WARN_CONSTANT_CONVERSION = YES;
				CLANG_WARN_DEPRECATED_OBJC_IMPLEMENTATIONS = YES;
				CLANG_WARN_DIRECT_OBJC_ISA_USAGE = YES_ERROR;
				CLANG_WARN_DOCUMENTATION_COMMENTS = YES;
				CLANG_WARN_EMPTY_BODY = YES;
				CLANG_WARN_ENUM_CONVERSION = YES;
				CLANG_WARN_INFINITE_RECURSION = YES;
				CLANG_WARN_INT_CONVERSION = YES;
				CLANG_WARN_NON_LITERAL_NULL_CONVERSION = YES;
				CLANG_WARN_OBJC_IMPLICIT_RETAIN_SELF = YES;
				CLANG_WARN_OBJC_LITERAL_CONVERSION = YES;
				CLANG_WARN_OBJC_ROOT_CLASS = YES_ERROR;
				CLANG_WARN_QUOTED_INCLUDE_IN_FRAMEWORK_HEADER = YES;
				CLANG_WARN_RANGE_LOOP_ANALYSIS = YES;
				CLANG_WARN_STRICT_PROTOTYPES = YES;
				CLANG_WARN_SUSPICIOUS_MOVE = YES;
				CLANG_WARN_UNGUARDED_AVAILABILITY = YES_AGGRESSIVE;
				CLANG_WARN_UNREACHABLE_CODE = YES;
				CLANG_WARN__DUPLICATE_METHOD_MATCH = YES;
				COPY_PHASE_STRIP = NO;
				DEBUG_INFORMATION_FORMAT = dwarf;
				ENABLE_STRICT_OBJC_MSGSEND = YES;
				ENABLE_TESTABILITY = YES;
				GCC_C_LANGUAGE_STANDARD = gnu11;
				GCC_DYNAMIC_NO_PIC = NO;
				GCC_NO_COMMON_BLOCKS = YES;
				GCC_OPTIMIZATION_LEVEL = 0;
				GCC_PREPROCESSOR_DEFINITIONS = (
					"DEBUG=1",
					"$(inherited)",
				);
				GCC_WARN_64_TO_32_BIT_CONVERSION = YES;
				GCC_WARN_ABOUT_RETURN_TYPE = YES_ERROR;
				GCC_WARN_UNDECLARED_SELECTOR = YES;
				GCC_WARN_UNINITIALIZED_AUTOS = YES_AGGRESSIVE;
				GCC_WARN_UNUSED_FUNCTION = YES;
				GCC_WARN_UNUSED_VARIABLE = YES;
				IPHONEOS_DEPLOYMENT_TARGET = 15.2;
				MTL_ENABLE_DEBUG_INFO = INCLUDE_SOURCE;
				MTL_FAST_MATH = YES;
				ONLY_ACTIVE_ARCH = YES;
				SDKROOT = iphoneos;
				SWIFT_ACTIVE_COMPILATION_CONDITIONS = DEBUG;
				SWIFT_OPTIMIZATION_LEVEL = "-Onone";
			};
			name = Debug;
		};
		6E10F1AA28B1E09900FAD4DC /* Release */ = {
			isa = XCBuildConfiguration;
			buildSettings = {
				ALWAYS_SEARCH_USER_PATHS = NO;
				CLANG_ANALYZER_NONNULL = YES;
				CLANG_ANALYZER_NUMBER_OBJECT_CONVERSION = YES_AGGRESSIVE;
				CLANG_CXX_LANGUAGE_STANDARD = "gnu++17";
				CLANG_ENABLE_MODULES = YES;
				CLANG_ENABLE_OBJC_ARC = YES;
				CLANG_ENABLE_OBJC_WEAK = YES;
				CLANG_WARN_BLOCK_CAPTURE_AUTORELEASING = YES;
				CLANG_WARN_BOOL_CONVERSION = YES;
				CLANG_WARN_COMMA = YES;
				CLANG_WARN_CONSTANT_CONVERSION = YES;
				CLANG_WARN_DEPRECATED_OBJC_IMPLEMENTATIONS = YES;
				CLANG_WARN_DIRECT_OBJC_ISA_USAGE = YES_ERROR;
				CLANG_WARN_DOCUMENTATION_COMMENTS = YES;
				CLANG_WARN_EMPTY_BODY = YES;
				CLANG_WARN_ENUM_CONVERSION = YES;
				CLANG_WARN_INFINITE_RECURSION = YES;
				CLANG_WARN_INT_CONVERSION = YES;
				CLANG_WARN_NON_LITERAL_NULL_CONVERSION = YES;
				CLANG_WARN_OBJC_IMPLICIT_RETAIN_SELF = YES;
				CLANG_WARN_OBJC_LITERAL_CONVERSION = YES;
				CLANG_WARN_OBJC_ROOT_CLASS = YES_ERROR;
				CLANG_WARN_QUOTED_INCLUDE_IN_FRAMEWORK_HEADER = YES;
				CLANG_WARN_RANGE_LOOP_ANALYSIS = YES;
				CLANG_WARN_STRICT_PROTOTYPES = YES;
				CLANG_WARN_SUSPICIOUS_MOVE = YES;
				CLANG_WARN_UNGUARDED_AVAILABILITY = YES_AGGRESSIVE;
				CLANG_WARN_UNREACHABLE_CODE = YES;
				CLANG_WARN__DUPLICATE_METHOD_MATCH = YES;
				COPY_PHASE_STRIP = NO;
				DEBUG_INFORMATION_FORMAT = "dwarf-with-dsym";
				ENABLE_NS_ASSERTIONS = NO;
				ENABLE_STRICT_OBJC_MSGSEND = YES;
				GCC_C_LANGUAGE_STANDARD = gnu11;
				GCC_NO_COMMON_BLOCKS = YES;
				GCC_WARN_64_TO_32_BIT_CONVERSION = YES;
				GCC_WARN_ABOUT_RETURN_TYPE = YES_ERROR;
				GCC_WARN_UNDECLARED_SELECTOR = YES;
				GCC_WARN_UNINITIALIZED_AUTOS = YES_AGGRESSIVE;
				GCC_WARN_UNUSED_FUNCTION = YES;
				GCC_WARN_UNUSED_VARIABLE = YES;
				IPHONEOS_DEPLOYMENT_TARGET = 15.2;
				MTL_ENABLE_DEBUG_INFO = NO;
				MTL_FAST_MATH = YES;
				SDKROOT = iphoneos;
				SWIFT_COMPILATION_MODE = wholemodule;
				SWIFT_OPTIMIZATION_LEVEL = "-O";
				VALIDATE_PRODUCT = YES;
			};
			name = Release;
		};
		6E10F1AC28B1E09900FAD4DC /* Debug */ = {
			isa = XCBuildConfiguration;
			buildSettings = {
				ALWAYS_EMBED_SWIFT_STANDARD_LIBRARIES = YES;
				ASSETCATALOG_COMPILER_APPICON_NAME = AppIcon;
				ASSETCATALOG_COMPILER_GLOBAL_ACCENT_COLOR_NAME = AccentColor;
				CODE_SIGN_STYLE = Automatic;
				CURRENT_PROJECT_VERSION = 1;
				DEVELOPMENT_TEAM = 8T58FH89LR;
				GENERATE_INFOPLIST_FILE = YES;
				INFOPLIST_FILE = PhotoEditApp/Info.plist;
				INFOPLIST_KEY_UIApplicationSupportsIndirectInputEvents = YES;
				INFOPLIST_KEY_UILaunchStoryboardName = LaunchScreen;
				INFOPLIST_KEY_UISupportedInterfaceOrientations_iPad = "UIInterfaceOrientationPortrait UIInterfaceOrientationPortraitUpsideDown UIInterfaceOrientationLandscapeLeft UIInterfaceOrientationLandscapeRight";
				INFOPLIST_KEY_UISupportedInterfaceOrientations_iPhone = "UIInterfaceOrientationPortrait UIInterfaceOrientationLandscapeLeft UIInterfaceOrientationLandscapeRight";
				LD_RUNPATH_SEARCH_PATHS = (
					"$(inherited)",
					"@executable_path/Frameworks",
				);
				MARKETING_VERSION = 1.0;
				PRODUCT_BUNDLE_IDENTIFIER = elyahk.PhotoEditApp;
				PRODUCT_NAME = "$(TARGET_NAME)";
				SWIFT_EMIT_LOC_STRINGS = YES;
				SWIFT_VERSION = 5.0;
				TARGETED_DEVICE_FAMILY = "1,2";
			};
			name = Debug;
		};
		6E10F1AD28B1E09900FAD4DC /* Release */ = {
			isa = XCBuildConfiguration;
			buildSettings = {
				ALWAYS_EMBED_SWIFT_STANDARD_LIBRARIES = YES;
				ASSETCATALOG_COMPILER_APPICON_NAME = AppIcon;
				ASSETCATALOG_COMPILER_GLOBAL_ACCENT_COLOR_NAME = AccentColor;
				CODE_SIGN_STYLE = Automatic;
				CURRENT_PROJECT_VERSION = 1;
				DEVELOPMENT_TEAM = 8T58FH89LR;
				GENERATE_INFOPLIST_FILE = YES;
				INFOPLIST_FILE = PhotoEditApp/Info.plist;
				INFOPLIST_KEY_UIApplicationSupportsIndirectInputEvents = YES;
				INFOPLIST_KEY_UILaunchStoryboardName = LaunchScreen;
				INFOPLIST_KEY_UISupportedInterfaceOrientations_iPad = "UIInterfaceOrientationPortrait UIInterfaceOrientationPortraitUpsideDown UIInterfaceOrientationLandscapeLeft UIInterfaceOrientationLandscapeRight";
				INFOPLIST_KEY_UISupportedInterfaceOrientations_iPhone = "UIInterfaceOrientationPortrait UIInterfaceOrientationLandscapeLeft UIInterfaceOrientationLandscapeRight";
				LD_RUNPATH_SEARCH_PATHS = (
					"$(inherited)",
					"@executable_path/Frameworks",
				);
				MARKETING_VERSION = 1.0;
				PRODUCT_BUNDLE_IDENTIFIER = elyahk.PhotoEditApp;
				PRODUCT_NAME = "$(TARGET_NAME)";
				SWIFT_EMIT_LOC_STRINGS = YES;
				SWIFT_VERSION = 5.0;
				TARGETED_DEVICE_FAMILY = "1,2";
			};
			name = Release;
		};
		6E10F1AF28B1E09900FAD4DC /* Debug */ = {
			isa = XCBuildConfiguration;
			buildSettings = {
				ALWAYS_EMBED_SWIFT_STANDARD_LIBRARIES = YES;
				BUNDLE_LOADER = "$(TEST_HOST)";
				CODE_SIGN_STYLE = Automatic;
				CURRENT_PROJECT_VERSION = 1;
				DEVELOPMENT_TEAM = 8T58FH89LR;
				GENERATE_INFOPLIST_FILE = YES;
				IPHONEOS_DEPLOYMENT_TARGET = 15.5;
				MARKETING_VERSION = 1.0;
				PRODUCT_BUNDLE_IDENTIFIER = elyahk.PhotoEditAppTests;
				PRODUCT_NAME = "$(TARGET_NAME)";
				SWIFT_EMIT_LOC_STRINGS = NO;
				SWIFT_VERSION = 5.0;
				TARGETED_DEVICE_FAMILY = "1,2";
				TEST_HOST = "$(BUILT_PRODUCTS_DIR)/PhotoEditApp.app/PhotoEditApp";
			};
			name = Debug;
		};
		6E10F1B028B1E09900FAD4DC /* Release */ = {
			isa = XCBuildConfiguration;
			buildSettings = {
				ALWAYS_EMBED_SWIFT_STANDARD_LIBRARIES = YES;
				BUNDLE_LOADER = "$(TEST_HOST)";
				CODE_SIGN_STYLE = Automatic;
				CURRENT_PROJECT_VERSION = 1;
				DEVELOPMENT_TEAM = 8T58FH89LR;
				GENERATE_INFOPLIST_FILE = YES;
				IPHONEOS_DEPLOYMENT_TARGET = 15.5;
				MARKETING_VERSION = 1.0;
				PRODUCT_BUNDLE_IDENTIFIER = elyahk.PhotoEditAppTests;
				PRODUCT_NAME = "$(TARGET_NAME)";
				SWIFT_EMIT_LOC_STRINGS = NO;
				SWIFT_VERSION = 5.0;
				TARGETED_DEVICE_FAMILY = "1,2";
				TEST_HOST = "$(BUILT_PRODUCTS_DIR)/PhotoEditApp.app/PhotoEditApp";
			};
			name = Release;
		};
		6E161BF028B2946100D15F0F /* Debug */ = {
			isa = XCBuildConfiguration;
			buildSettings = {
				CLANG_ENABLE_MODULES = YES;
				CODE_SIGN_STYLE = Automatic;
				CURRENT_PROJECT_VERSION = 1;
				DEFINES_MODULE = YES;
				DEVELOPMENT_TEAM = 8T58FH89LR;
				DYLIB_COMPATIBILITY_VERSION = 1;
				DYLIB_CURRENT_VERSION = 1;
				DYLIB_INSTALL_NAME_BASE = "@rpath";
				GENERATE_INFOPLIST_FILE = YES;
				INFOPLIST_KEY_NSHumanReadableCopyright = "";
				INSTALL_PATH = "$(LOCAL_LIBRARY_DIR)/Frameworks";
				LD_RUNPATH_SEARCH_PATHS = (
					"$(inherited)",
					"@executable_path/Frameworks",
					"@loader_path/Frameworks",
				);
				MARKETING_VERSION = 1.0;
				PRODUCT_BUNDLE_IDENTIFIER = elyahk.ComponentKit;
				PRODUCT_NAME = "$(TARGET_NAME:c99extidentifier)";
				SKIP_INSTALL = YES;
				SWIFT_EMIT_LOC_STRINGS = YES;
				SWIFT_OPTIMIZATION_LEVEL = "-Onone";
				SWIFT_VERSION = 5.0;
				TARGETED_DEVICE_FAMILY = "1,2";
				VERSIONING_SYSTEM = "apple-generic";
				VERSION_INFO_PREFIX = "";
			};
			name = Debug;
		};
		6E161BF128B2946100D15F0F /* Release */ = {
			isa = XCBuildConfiguration;
			buildSettings = {
				CLANG_ENABLE_MODULES = YES;
				CODE_SIGN_STYLE = Automatic;
				CURRENT_PROJECT_VERSION = 1;
				DEFINES_MODULE = YES;
				DEVELOPMENT_TEAM = 8T58FH89LR;
				DYLIB_COMPATIBILITY_VERSION = 1;
				DYLIB_CURRENT_VERSION = 1;
				DYLIB_INSTALL_NAME_BASE = "@rpath";
				GENERATE_INFOPLIST_FILE = YES;
				INFOPLIST_KEY_NSHumanReadableCopyright = "";
				INSTALL_PATH = "$(LOCAL_LIBRARY_DIR)/Frameworks";
				LD_RUNPATH_SEARCH_PATHS = (
					"$(inherited)",
					"@executable_path/Frameworks",
					"@loader_path/Frameworks",
				);
				MARKETING_VERSION = 1.0;
				PRODUCT_BUNDLE_IDENTIFIER = elyahk.ComponentKit;
				PRODUCT_NAME = "$(TARGET_NAME:c99extidentifier)";
				SKIP_INSTALL = YES;
				SWIFT_EMIT_LOC_STRINGS = YES;
				SWIFT_VERSION = 5.0;
				TARGETED_DEVICE_FAMILY = "1,2";
				VERSIONING_SYSTEM = "apple-generic";
				VERSION_INFO_PREFIX = "";
			};
			name = Release;
		};
/* End XCBuildConfiguration section */

/* Begin XCConfigurationList section */
		6E10F17C28B1E09800FAD4DC /* Build configuration list for PBXProject "PhotoEditApp" */ = {
			isa = XCConfigurationList;
			buildConfigurations = (
				6E10F1A928B1E09900FAD4DC /* Debug */,
				6E10F1AA28B1E09900FAD4DC /* Release */,
			);
			defaultConfigurationIsVisible = 0;
			defaultConfigurationName = Release;
		};
		6E10F1AB28B1E09900FAD4DC /* Build configuration list for PBXNativeTarget "PhotoEditApp" */ = {
			isa = XCConfigurationList;
			buildConfigurations = (
				6E10F1AC28B1E09900FAD4DC /* Debug */,
				6E10F1AD28B1E09900FAD4DC /* Release */,
			);
			defaultConfigurationIsVisible = 0;
			defaultConfigurationName = Release;
		};
		6E10F1AE28B1E09900FAD4DC /* Build configuration list for PBXNativeTarget "PhotoEditAppTests" */ = {
			isa = XCConfigurationList;
			buildConfigurations = (
				6E10F1AF28B1E09900FAD4DC /* Debug */,
				6E10F1B028B1E09900FAD4DC /* Release */,
			);
			defaultConfigurationIsVisible = 0;
			defaultConfigurationName = Release;
		};
		6E161BF428B2946100D15F0F /* Build configuration list for PBXNativeTarget "ComponentKit" */ = {
			isa = XCConfigurationList;
			buildConfigurations = (
				6E161BF028B2946100D15F0F /* Debug */,
				6E161BF128B2946100D15F0F /* Release */,
			);
			defaultConfigurationIsVisible = 0;
			defaultConfigurationName = Release;
		};
/* End XCConfigurationList section */

/* Begin XCRemoteSwiftPackageReference section */
		CE90B73528B337A500D2481C /* XCRemoteSwiftPackageReference "SnapKit" */ = {
			isa = XCRemoteSwiftPackageReference;
			repositoryURL = "https://github.com/SnapKit/SnapKit.git";
			requirement = {
				kind = upToNextMajorVersion;
				minimumVersion = 5.0.0;
			};
		};
/* End XCRemoteSwiftPackageReference section */

/* Begin XCSwiftPackageProductDependency section */
		CE90B73628B337A500D2481C /* SnapKit */ = {
			isa = XCSwiftPackageProductDependency;
			package = CE90B73528B337A500D2481C /* XCRemoteSwiftPackageReference "SnapKit" */;
			productName = SnapKit;
		};
/* End XCSwiftPackageProductDependency section */
	};
	rootObject = 6E10F17928B1E09800FAD4DC /* Project object */;
}
